
Microsoft Visual Studio Solution File, Format Version 12.00
# Visual Studio 15
VisualStudioVersion = 15.0.28307.168
MinimumVisualStudioVersion = 10.0.40219.1
Project("{9092AA53-FB77-4645-B42D-1CCCA6BD08BD}") = "ravenous", "ravenous.njsproj", "{2EAE5079-38FB-41CC-8CBE-932D16C1D874}"
EndProject
Global
	GlobalSection(SolutionConfigurationPlatforms) = preSolution
		Debug|Any CPU = Debug|Any CPU
		Release|Any CPU = Release|Any CPU
	EndGlobalSection
	GlobalSection(ProjectConfigurationPlatforms) = postSolution
		{2EAE5079-38FB-41CC-8CBE-932D16C1D874}.Debug|Any CPU.ActiveCfg = Debug|Any CPU
		{2EAE5079-38FB-41CC-8CBE-932D16C1D874}.Debug|Any CPU.Build.0 = Debug|Any CPU
		{2EAE5079-38FB-41CC-8CBE-932D16C1D874}.Release|Any CPU.ActiveCfg = Release|Any CPU
		{2EAE5079-38FB-41CC-8CBE-932D16C1D874}.Release|Any CPU.Build.0 = Release|Any CPU
	EndGlobalSection
	GlobalSection(SolutionProperties) = preSolution
		HideSolutionNode = FALSE
	EndGlobalSection
	GlobalSection(ExtensibilityGlobals) = postSolution
		SolutionGuid = {1FCE6F1F-F0B5-4A4F-87BB-B5F98E4510A1}
	EndGlobalSection
EndGlobal
